
Microsoft Visual Studio Solution File, Format Version 12.00
# Visual Studio Version 17
VisualStudioVersion = 17.0.31717.71
MinimumVisualStudioVersion = 10.0.40219.1
Project("{9A19103F-16F7-4668-BE54-9A1E7A4F7556}") = "HapplaBox", "HapplaBox\HapplaBox.csproj", "{1CEB112C-4625-4A15-96A7-0E9B54BA1CFA}"
EndProject
Project("{2150E333-8FDC-42A3-9474-1A3956D46DE8}") = "Components", "Components", "{E59228D3-10E3-47B6-A05B-D18C3DE25D69}"
EndProject
Project("{9A19103F-16F7-4668-BE54-9A1E7A4F7556}") = "Base", "Components\Base\Base.csproj", "{6BC3D5E5-B52B-439D-B896-78D18E851ECA}"
EndProject
Project("{9A19103F-16F7-4668-BE54-9A1E7A4F7556}") = "Settings", "Components\Settings\Settings.csproj", "{7DD29BA5-C259-48BF-9E2C-DFC05ECDAE9C}"
EndProject
Project("{9A19103F-16F7-4668-BE54-9A1E7A4F7556}") = "UI", "Components\UI\UI.csproj", "{43F48A51-B8BE-4F3A-856B-86E0951510C4}"
EndProject
Project("{FAE04EC0-301F-11D3-BF4B-00C04F79EFBC}") = "Core", "Components\Codec\Core.csproj", "{28AB49D9-F486-446E-A14D-6CA24A76E63C}"
EndProject
Project("{2150E333-8FDC-42A3-9474-1A3956D46DE8}") = "Solution Items", "Solution Items", "{0CFB254A-261B-4063-A46C-E058883A225C}"
	ProjectSection(SolutionItems) = preProject
		.editorconfig = .editorconfig
	EndProjectSection
EndProject
Project("{2150E333-8FDC-42A3-9474-1A3956D46DE8}") = "Codecs", "Codecs", "{0B150164-FD49-49E0-9E7B-3E08C6C009CD}"
EndProject
Project("{FAE04EC0-301F-11D3-BF4B-00C04F79EFBC}") = "HapplaBox.Codec.Web", "Codecs\HapplaBox.Codec.Web\HapplaBox.Codec.Web.csproj", "{6DA3D50E-A554-4DCB-970E-8F7698C9E1FC}"
EndProject
Global
	GlobalSection(SolutionConfigurationPlatforms) = preSolution
		Debug|Any CPU = Debug|Any CPU
		Debug|ARM64 = Debug|ARM64
		Debug|x64 = Debug|x64
		Debug|x86 = Debug|x86
		Release|Any CPU = Release|Any CPU
		Release|ARM64 = Release|ARM64
		Release|x64 = Release|x64
		Release|x86 = Release|x86
	EndGlobalSection
	GlobalSection(ProjectConfigurationPlatforms) = postSolution
		{1CEB112C-4625-4A15-96A7-0E9B54BA1CFA}.Debug|Any CPU.ActiveCfg = Debug|Any CPU
		{1CEB112C-4625-4A15-96A7-0E9B54BA1CFA}.Debug|Any CPU.Build.0 = Debug|Any CPU
		{1CEB112C-4625-4A15-96A7-0E9B54BA1CFA}.Debug|ARM64.ActiveCfg = Debug|ARM64
		{1CEB112C-4625-4A15-96A7-0E9B54BA1CFA}.Debug|ARM64.Build.0 = Debug|ARM64
		{1CEB112C-4625-4A15-96A7-0E9B54BA1CFA}.Debug|x64.ActiveCfg = Debug|x64
		{1CEB112C-4625-4A15-96A7-0E9B54BA1CFA}.Debug|x64.Build.0 = Debug|x64
		{1CEB112C-4625-4A15-96A7-0E9B54BA1CFA}.Debug|x86.ActiveCfg = Debug|x64
		{1CEB112C-4625-4A15-96A7-0E9B54BA1CFA}.Debug|x86.Build.0 = Debug|x64
		{1CEB112C-4625-4A15-96A7-0E9B54BA1CFA}.Release|Any CPU.ActiveCfg = Release|Any CPU
		{1CEB112C-4625-4A15-96A7-0E9B54BA1CFA}.Release|Any CPU.Build.0 = Release|Any CPU
		{1CEB112C-4625-4A15-96A7-0E9B54BA1CFA}.Release|ARM64.ActiveCfg = Release|ARM64
		{1CEB112C-4625-4A15-96A7-0E9B54BA1CFA}.Release|ARM64.Build.0 = Release|ARM64
		{1CEB112C-4625-4A15-96A7-0E9B54BA1CFA}.Release|x64.ActiveCfg = Release|x64
		{1CEB112C-4625-4A15-96A7-0E9B54BA1CFA}.Release|x64.Build.0 = Release|x64
		{1CEB112C-4625-4A15-96A7-0E9B54BA1CFA}.Release|x86.ActiveCfg = Release|x86
		{1CEB112C-4625-4A15-96A7-0E9B54BA1CFA}.Release|x86.Build.0 = Release|x86
		{6BC3D5E5-B52B-439D-B896-78D18E851ECA}.Debug|Any CPU.ActiveCfg = Debug|Any CPU
		{6BC3D5E5-B52B-439D-B896-78D18E851ECA}.Debug|Any CPU.Build.0 = Debug|Any CPU
		{6BC3D5E5-B52B-439D-B896-78D18E851ECA}.Debug|ARM64.ActiveCfg = Debug|Any CPU
		{6BC3D5E5-B52B-439D-B896-78D18E851ECA}.Debug|ARM64.Build.0 = Debug|Any CPU
		{6BC3D5E5-B52B-439D-B896-78D18E851ECA}.Debug|x64.ActiveCfg = Debug|Any CPU
		{6BC3D5E5-B52B-439D-B896-78D18E851ECA}.Debug|x64.Build.0 = Debug|Any CPU
		{6BC3D5E5-B52B-439D-B896-78D18E851ECA}.Debug|x86.ActiveCfg = Debug|Any CPU
		{6BC3D5E5-B52B-439D-B896-78D18E851ECA}.Debug|x86.Build.0 = Debug|Any CPU
		{6BC3D5E5-B52B-439D-B896-78D18E851ECA}.Release|Any CPU.ActiveCfg = Release|Any CPU
		{6BC3D5E5-B52B-439D-B896-78D18E851ECA}.Release|Any CPU.Build.0 = Release|Any CPU
		{6BC3D5E5-B52B-439D-B896-78D18E851ECA}.Release|ARM64.ActiveCfg = Release|Any CPU
		{6BC3D5E5-B52B-439D-B896-78D18E851ECA}.Release|ARM64.Build.0 = Release|Any CPU
		{6BC3D5E5-B52B-439D-B896-78D18E851ECA}.Release|x64.ActiveCfg = Release|Any CPU
		{6BC3D5E5-B52B-439D-B896-78D18E851ECA}.Release|x64.Build.0 = Release|Any CPU
		{6BC3D5E5-B52B-439D-B896-78D18E851ECA}.Release|x86.ActiveCfg = Release|Any CPU
		{6BC3D5E5-B52B-439D-B896-78D18E851ECA}.Release|x86.Build.0 = Release|Any CPU
		{7DD29BA5-C259-48BF-9E2C-DFC05ECDAE9C}.Debug|Any CPU.ActiveCfg = Debug|Any CPU
		{7DD29BA5-C259-48BF-9E2C-DFC05ECDAE9C}.Debug|Any CPU.Build.0 = Debug|Any CPU
		{7DD29BA5-C259-48BF-9E2C-DFC05ECDAE9C}.Debug|ARM64.ActiveCfg = Debug|Any CPU
		{7DD29BA5-C259-48BF-9E2C-DFC05ECDAE9C}.Debug|ARM64.Build.0 = Debug|Any CPU
		{7DD29BA5-C259-48BF-9E2C-DFC05ECDAE9C}.Debug|x64.ActiveCfg = Debug|Any CPU
		{7DD29BA5-C259-48BF-9E2C-DFC05ECDAE9C}.Debug|x64.Build.0 = Debug|Any CPU
		{7DD29BA5-C259-48BF-9E2C-DFC05ECDAE9C}.Debug|x86.ActiveCfg = Debug|Any CPU
		{7DD29BA5-C259-48BF-9E2C-DFC05ECDAE9C}.Debug|x86.Build.0 = Debug|Any CPU
		{7DD29BA5-C259-48BF-9E2C-DFC05ECDAE9C}.Release|Any CPU.ActiveCfg = Release|Any CPU
		{7DD29BA5-C259-48BF-9E2C-DFC05ECDAE9C}.Release|Any CPU.Build.0 = Release|Any CPU
		{7DD29BA5-C259-48BF-9E2C-DFC05ECDAE9C}.Release|ARM64.ActiveCfg = Release|Any CPU
		{7DD29BA5-C259-48BF-9E2C-DFC05ECDAE9C}.Release|ARM64.Build.0 = Release|Any CPU
		{7DD29BA5-C259-48BF-9E2C-DFC05ECDAE9C}.Release|x64.ActiveCfg = Release|Any CPU
		{7DD29BA5-C259-48BF-9E2C-DFC05ECDAE9C}.Release|x64.Build.0 = Release|Any CPU
		{7DD29BA5-C259-48BF-9E2C-DFC05ECDAE9C}.Release|x86.ActiveCfg = Release|Any CPU
		{7DD29BA5-C259-48BF-9E2C-DFC05ECDAE9C}.Release|x86.Build.0 = Release|Any CPU
		{43F48A51-B8BE-4F3A-856B-86E0951510C4}.Debug|Any CPU.ActiveCfg = Debug|Any CPU
		{43F48A51-B8BE-4F3A-856B-86E0951510C4}.Debug|Any CPU.Build.0 = Debug|Any CPU
		{43F48A51-B8BE-4F3A-856B-86E0951510C4}.Debug|ARM64.ActiveCfg = Debug|Any CPU
		{43F48A51-B8BE-4F3A-856B-86E0951510C4}.Debug|ARM64.Build.0 = Debug|Any CPU
		{43F48A51-B8BE-4F3A-856B-86E0951510C4}.Debug|x64.ActiveCfg = Debug|Any CPU
		{43F48A51-B8BE-4F3A-856B-86E0951510C4}.Debug|x64.Build.0 = Debug|Any CPU
		{43F48A51-B8BE-4F3A-856B-86E0951510C4}.Debug|x86.ActiveCfg = Debug|Any CPU
		{43F48A51-B8BE-4F3A-856B-86E0951510C4}.Debug|x86.Build.0 = Debug|Any CPU
		{43F48A51-B8BE-4F3A-856B-86E0951510C4}.Release|Any CPU.ActiveCfg = Release|Any CPU
		{43F48A51-B8BE-4F3A-856B-86E0951510C4}.Release|Any CPU.Build.0 = Release|Any CPU
		{43F48A51-B8BE-4F3A-856B-86E0951510C4}.Release|ARM64.ActiveCfg = Release|Any CPU
		{43F48A51-B8BE-4F3A-856B-86E0951510C4}.Release|ARM64.Build.0 = Release|Any CPU
		{43F48A51-B8BE-4F3A-856B-86E0951510C4}.Release|x64.ActiveCfg = Release|Any CPU
		{43F48A51-B8BE-4F3A-856B-86E0951510C4}.Release|x64.Build.0 = Release|Any CPU
		{43F48A51-B8BE-4F3A-856B-86E0951510C4}.Release|x86.ActiveCfg = Release|Any CPU
		{43F48A51-B8BE-4F3A-856B-86E0951510C4}.Release|x86.Build.0 = Release|Any CPU
		{28AB49D9-F486-446E-A14D-6CA24A76E63C}.Debug|Any CPU.ActiveCfg = Debug|Any CPU
		{28AB49D9-F486-446E-A14D-6CA24A76E63C}.Debug|Any CPU.Build.0 = Debug|Any CPU
		{28AB49D9-F486-446E-A14D-6CA24A76E63C}.Debug|ARM64.ActiveCfg = Debug|Any CPU
		{28AB49D9-F486-446E-A14D-6CA24A76E63C}.Debug|ARM64.Build.0 = Debug|Any CPU
		{28AB49D9-F486-446E-A14D-6CA24A76E63C}.Debug|x64.ActiveCfg = Debug|Any CPU
		{28AB49D9-F486-446E-A14D-6CA24A76E63C}.Debug|x64.Build.0 = Debug|Any CPU
		{28AB49D9-F486-446E-A14D-6CA24A76E63C}.Debug|x86.ActiveCfg = Debug|Any CPU
		{28AB49D9-F486-446E-A14D-6CA24A76E63C}.Debug|x86.Build.0 = Debug|Any CPU
		{28AB49D9-F486-446E-A14D-6CA24A76E63C}.Release|Any CPU.ActiveCfg = Release|Any CPU
		{28AB49D9-F486-446E-A14D-6CA24A76E63C}.Release|Any CPU.Build.0 = Release|Any CPU
		{28AB49D9-F486-446E-A14D-6CA24A76E63C}.Release|ARM64.ActiveCfg = Release|Any CPU
		{28AB49D9-F486-446E-A14D-6CA24A76E63C}.Release|ARM64.Build.0 = Release|Any CPU
		{28AB49D9-F486-446E-A14D-6CA24A76E63C}.Release|x64.ActiveCfg = Release|Any CPU
		{28AB49D9-F486-446E-A14D-6CA24A76E63C}.Release|x64.Build.0 = Release|Any CPU
		{28AB49D9-F486-446E-A14D-6CA24A76E63C}.Release|x86.ActiveCfg = Release|Any CPU
		{28AB49D9-F486-446E-A14D-6CA24A76E63C}.Release|x86.Build.0 = Release|Any CPU
		{6DA3D50E-A554-4DCB-970E-8F7698C9E1FC}.Debug|Any CPU.ActiveCfg = Debug|Any CPU
		{6DA3D50E-A554-4DCB-970E-8F7698C9E1FC}.Debug|Any CPU.Build.0 = Debug|Any CPU
		{6DA3D50E-A554-4DCB-970E-8F7698C9E1FC}.Debug|ARM64.ActiveCfg = Debug|Any CPU
		{6DA3D50E-A554-4DCB-970E-8F7698C9E1FC}.Debug|ARM64.Build.0 = Debug|Any CPU
		{6DA3D50E-A554-4DCB-970E-8F7698C9E1FC}.Debug|x64.ActiveCfg = Debug|Any CPU
		{6DA3D50E-A554-4DCB-970E-8F7698C9E1FC}.Debug|x64.Build.0 = Debug|Any CPU
		{6DA3D50E-A554-4DCB-970E-8F7698C9E1FC}.Debug|x86.ActiveCfg = Debug|Any CPU
		{6DA3D50E-A554-4DCB-970E-8F7698C9E1FC}.Debug|x86.Build.0 = Debug|Any CPU
		{6DA3D50E-A554-4DCB-970E-8F7698C9E1FC}.Release|Any CPU.ActiveCfg = Release|Any CPU
		{6DA3D50E-A554-4DCB-970E-8F7698C9E1FC}.Release|Any CPU.Build.0 = Release|Any CPU
		{6DA3D50E-A554-4DCB-970E-8F7698C9E1FC}.Release|ARM64.ActiveCfg = Release|Any CPU
		{6DA3D50E-A554-4DCB-970E-8F7698C9E1FC}.Release|ARM64.Build.0 = Release|Any CPU
		{6DA3D50E-A554-4DCB-970E-8F7698C9E1FC}.Release|x64.ActiveCfg = Release|Any CPU
		{6DA3D50E-A554-4DCB-970E-8F7698C9E1FC}.Release|x64.Build.0 = Release|Any CPU
		{6DA3D50E-A554-4DCB-970E-8F7698C9E1FC}.Release|x86.ActiveCfg = Release|Any CPU
		{6DA3D50E-A554-4DCB-970E-8F7698C9E1FC}.Release|x86.Build.0 = Release|Any CPU
	EndGlobalSection
	GlobalSection(SolutionProperties) = preSolution
		HideSolutionNode = FALSE
	EndGlobalSection
	GlobalSection(NestedProjects) = preSolution
		{6BC3D5E5-B52B-439D-B896-78D18E851ECA} = {E59228D3-10E3-47B6-A05B-D18C3DE25D69}
		{7DD29BA5-C259-48BF-9E2C-DFC05ECDAE9C} = {E59228D3-10E3-47B6-A05B-D18C3DE25D69}
		{43F48A51-B8BE-4F3A-856B-86E0951510C4} = {E59228D3-10E3-47B6-A05B-D18C3DE25D69}
		{28AB49D9-F486-446E-A14D-6CA24A76E63C} = {E59228D3-10E3-47B6-A05B-D18C3DE25D69}
		{6DA3D50E-A554-4DCB-970E-8F7698C9E1FC} = {0B150164-FD49-49E0-9E7B-3E08C6C009CD}
	EndGlobalSection
	GlobalSection(ExtensibilityGlobals) = postSolution
		SolutionGuid = {DAB81D80-C844-4BF1-8DA0-6330EFEB58B0}
	EndGlobalSection
EndGlobal
